
Microsoft Visual Studio Solution File, Format Version 12.00
# Visual Studio Version 16
VisualStudioVersion = 16.0.31313.79
MinimumVisualStudioVersion = 10.0.40219.1
Project("{FAE04EC0-301F-11D3-BF4B-00C04F79EFBC}") = "lottery numbers", "lottery numbers\lottery numbers.csproj", "{D3802307-A301-4649-9CDC-527D4238991F}"
EndProject
Global
	GlobalSection(SolutionConfigurationPlatforms) = preSolution
		Debug|Any CPU = Debug|Any CPU
		Release|Any CPU = Release|Any CPU
	EndGlobalSection
	GlobalSection(ProjectConfigurationPlatforms) = postSolution
		{D3802307-A301-4649-9CDC-527D4238991F}.Debug|Any CPU.ActiveCfg = Debug|Any CPU
		{D3802307-A301-4649-9CDC-527D4238991F}.Debug|Any CPU.Build.0 = Debug|Any CPU
		{D3802307-A301-4649-9CDC-527D4238991F}.Release|Any CPU.ActiveCfg = Release|Any CPU
		{D3802307-A301-4649-9CDC-527D4238991F}.Release|Any CPU.Build.0 = Release|Any CPU
	EndGlobalSection
	GlobalSection(SolutionProperties) = preSolution
		HideSolutionNode = FALSE
	EndGlobalSection
	GlobalSection(ExtensibilityGlobals) = postSolution
		SolutionGuid = {1CC66602-8368-4F53-9E9C-BBB2BF33B4F6}
	EndGlobalSection
EndGlobal
